
Microsoft Visual Studio Solution File, Format Version 12.00
# Visual Studio 15
VisualStudioVersion = 15.0.28010.2036
MinimumVisualStudioVersion = 10.0.40219.1
Project("{FAE04EC0-301F-11D3-BF4B-00C04F79EFBC}") = "6-2 Busqueda binaria", "6-2 Busqueda binaria\6-2 Busqueda binaria.csproj", "{AA7BCC2B-6C6A-4B72-88EA-E55BF11A58D5}"
EndProject
Global
	GlobalSection(SolutionConfigurationPlatforms) = preSolution
		Debug|Any CPU = Debug|Any CPU
		Release|Any CPU = Release|Any CPU
	EndGlobalSection
	GlobalSection(ProjectConfigurationPlatforms) = postSolution
		{AA7BCC2B-6C6A-4B72-88EA-E55BF11A58D5}.Debug|Any CPU.ActiveCfg = Debug|Any CPU
		{AA7BCC2B-6C6A-4B72-88EA-E55BF11A58D5}.Debug|Any CPU.Build.0 = Debug|Any CPU
		{AA7BCC2B-6C6A-4B72-88EA-E55BF11A58D5}.Release|Any CPU.ActiveCfg = Release|Any CPU
		{AA7BCC2B-6C6A-4B72-88EA-E55BF11A58D5}.Release|Any CPU.Build.0 = Release|Any CPU
	EndGlobalSection
	GlobalSection(SolutionProperties) = preSolution
		HideSolutionNode = FALSE
	EndGlobalSection
	GlobalSection(ExtensibilityGlobals) = postSolution
		SolutionGuid = {98BAE385-2C4C-4163-B1A6-B5276C84629A}
	EndGlobalSection
EndGlobal
